
Microsoft Visual Studio Solution File, Format Version 12.00
# Visual Studio Version 16
VisualStudioVersion = 16.0.30503.244
MinimumVisualStudioVersion = 10.0.40219.1
Project("{FAE04EC0-301F-11D3-BF4B-00C04F79EFBC}") = "Bubblesort", "Bubblesort\Bubblesort.csproj", "{8811D2DB-EC6D-4BA8-B667-9695FF788024}"
EndProject
Global
	GlobalSection(SolutionConfigurationPlatforms) = preSolution
		Debug|Any CPU = Debug|Any CPU
		Release|Any CPU = Release|Any CPU
	EndGlobalSection
	GlobalSection(ProjectConfigurationPlatforms) = postSolution
		{8811D2DB-EC6D-4BA8-B667-9695FF788024}.Debug|Any CPU.ActiveCfg = Debug|Any CPU
		{8811D2DB-EC6D-4BA8-B667-9695FF788024}.Debug|Any CPU.Build.0 = Debug|Any CPU
		{8811D2DB-EC6D-4BA8-B667-9695FF788024}.Release|Any CPU.ActiveCfg = Release|Any CPU
		{8811D2DB-EC6D-4BA8-B667-9695FF788024}.Release|Any CPU.Build.0 = Release|Any CPU
	EndGlobalSection
	GlobalSection(SolutionProperties) = preSolution
		HideSolutionNode = FALSE
	EndGlobalSection
	GlobalSection(ExtensibilityGlobals) = postSolution
		SolutionGuid = {5F25C267-8A71-40EC-9B2C-AC7AB30D75AC}
	EndGlobalSection
EndGlobal
