
Microsoft Visual Studio Solution File, Format Version 12.00
# Visual Studio Version 16
VisualStudioVersion = 16.0.30503.244
MinimumVisualStudioVersion = 10.0.40219.1
Project("{FAE04EC0-301F-11D3-BF4B-00C04F79EFBC}") = "unknownalgorithm4", "unknownalgorithm4\unknownalgorithm4.csproj", "{24799843-7479-4441-BA8F-2100B7001359}"
EndProject
Global
	GlobalSection(SolutionConfigurationPlatforms) = preSolution
		Debug|Any CPU = Debug|Any CPU
		Release|Any CPU = Release|Any CPU
	EndGlobalSection
	GlobalSection(ProjectConfigurationPlatforms) = postSolution
		{24799843-7479-4441-BA8F-2100B7001359}.Debug|Any CPU.ActiveCfg = Debug|Any CPU
		{24799843-7479-4441-BA8F-2100B7001359}.Debug|Any CPU.Build.0 = Debug|Any CPU
		{24799843-7479-4441-BA8F-2100B7001359}.Release|Any CPU.ActiveCfg = Release|Any CPU
		{24799843-7479-4441-BA8F-2100B7001359}.Release|Any CPU.Build.0 = Release|Any CPU
	EndGlobalSection
	GlobalSection(SolutionProperties) = preSolution
		HideSolutionNode = FALSE
	EndGlobalSection
	GlobalSection(ExtensibilityGlobals) = postSolution
		SolutionGuid = {AC6A55BB-30FD-4EF2-A067-200B1E9C55FD}
	EndGlobalSection
EndGlobal
